
Microsoft Visual Studio Solution File, Format Version 12.00
# Visual Studio Version 17
VisualStudioVersion = 17.0.31903.59
MinimumVisualStudioVersion = 10.0.40219.1
Project("{2150E333-8FDC-42A3-9474-1A3956D46DE8}") = "src", "src", "{827E0CD3-B72D-47B6-A68D-7590B98EB39B}"
EndProject
Project("{FAE04EC0-301F-11D3-BF4B-00C04F79EFBC}") = "GBastos.Casa_dos_Farelos.Gateway", "src\GBastos.Casa_dos_Farelos.Api\GBastos.Casa_dos_Farelos.Gateway.csproj", "{9F113138-7038-46B6-8D79-217B03DF8B62}"
EndProject
Project("{FAE04EC0-301F-11D3-BF4B-00C04F79EFBC}") = "GBastos.Casa_dos_Farelos.Application", "src\GBastos.Casa_dos_Farelos.Application\GBastos.Casa_dos_Farelos.Application.csproj", "{91295156-E0E3-451A-BEFC-93951B89DD0C}"
EndProject
Project("{FAE04EC0-301F-11D3-BF4B-00C04F79EFBC}") = "GBastos.Casa_dos_Farelos.Domain", "src\GBastos.Casa_dos_Farelos.Domain\GBastos.Casa_dos_Farelos.Domain.csproj", "{75965D9D-B8E0-4ED7-9558-8808DC62A3AC}"
EndProject
Project("{FAE04EC0-301F-11D3-BF4B-00C04F79EFBC}") = "GBastos.Casa_dos_Farelos.Infrastructure", "src\GBastos.Casa_dos_Farelos.Infrastructure\GBastos.Casa_dos_Farelos.Infrastructure.csproj", "{39CD05F5-6935-4252-BEC2-22F4368FAF40}"
EndProject
Project("{FAE04EC0-301F-11D3-BF4B-00C04F79EFBC}") = "GBastos.Casa_dos_Farelos.Shared", "src\GBastos.Casa_dos_Farelos.Shared\GBastos.Casa_dos_Farelos.Shared.csproj", "{3103B817-0766-47B2-A3B9-A45EAF87CDFC}"
EndProject
Project("{2150E333-8FDC-42A3-9474-1A3956D46DE8}") = "tests", "tests", "{0AB3BF05-4346-4AA6-1389-037BE0695223}"
EndProject
Project("{FAE04EC0-301F-11D3-BF4B-00C04F79EFBC}") = "GBastos.Casa_dos_Farelos.Tests", "tests\GBastos.Casa_dos_Farelos.Tests\GBastos.Casa_dos_Farelos.Tests.csproj", "{0C49A906-FF5C-427D-B294-C6A046B9F1A8}"
EndProject
Project("{2150E333-8FDC-42A3-9474-1A3956D46DE8}") = "Services", "Services", "{984BB9B3-3FA3-BE33-9484-CAC21695A33C}"
EndProject
Project("{2150E333-8FDC-42A3-9474-1A3956D46DE8}") = "EstoqueService", "EstoqueService", "{4032DBA3-5E11-0398-E66C-9D8070458307}"
EndProject
Project("{FAE04EC0-301F-11D3-BF4B-00C04F79EFBC}") = "GBastos.Casa_dos_Farelos.PagamentoService", "src\Services\PagamentoService\GBastos.Casa_dos_Farelos.PagamentoService\GBastos.Casa_dos_Farelos.PagamentoService.csproj", "{2462260F-9AA0-A5F2-B035-3F5DA2499C15}"
EndProject
Project("{2150E333-8FDC-42A3-9474-1A3956D46DE8}") = "PagamentoService", "PagamentoService", "{02EA681E-C7D8-13C7-8484-4AC65E1B71E8}"
EndProject
Project("{2150E333-8FDC-42A3-9474-1A3956D46DE8}") = "BuildingBlocks", "BuildingBlocks", "{2EB34FBB-FC10-4328-B254-9F5653685E4E}"
EndProject
Project("{FAE04EC0-301F-11D3-BF4B-00C04F79EFBC}") = "GBastos.Casa_dos_Farelos.EstoqueService.Api", "src\Services\EstoqueService\GBastos.Casa_dos_Farelos.EstoqueService.Api\GBastos.Casa_dos_Farelos.EstoqueService.Api.csproj", "{B205E170-B98D-805C-B7F0-97FE2FDE6175}"
EndProject
Project("{FAE04EC0-301F-11D3-BF4B-00C04F79EFBC}") = "GBastos.Casa_dos_Farelos.EstoqueService.Domain", "src\Services\EstoqueService\GBastos.Casa_dos_Farelos.EstoqueService.Domain\GBastos.Casa_dos_Farelos.EstoqueService.Domain.csproj", "{B2A0921F-591D-F2A3-A43C-AF48235CC1B7}"
EndProject
Project("{FAE04EC0-301F-11D3-BF4B-00C04F79EFBC}") = "GBastos.Casa_dos_Farelos.EstoqueService.Application", "src\Services\EstoqueService\GBastos.Casa_dos_Farelos.EstoqueService.Application\GBastos.Casa_dos_Farelos.EstoqueService.Application.csproj", "{9A21EF0A-8E13-ABE9-9C4C-352363295D28}"
EndProject
Project("{FAE04EC0-301F-11D3-BF4B-00C04F79EFBC}") = "GBastos.Casa_dos_Farelos.EstoqueService.Infrastructure", "src\Services\EstoqueService\GBastos.Casa_dos_Farelos.EstoqueService.Infrastructure\GBastos.Casa_dos_Farelos.EstoqueService.Infrastructure.csproj", "{D9D4ABF5-0549-4597-E39C-D697385C5F92}"
EndProject
Project("{2150E333-8FDC-42A3-9474-1A3956D46DE8}") = "Gateway", "Gateway", "{18B7F599-AA52-47AC-A210-7D6185A22BD9}"
EndProject
Project("{2150E333-8FDC-42A3-9474-1A3956D46DE8}") = "PedidoService", "PedidoService", "{F0AFDD73-622D-4337-BEF3-E6E0DC87BDD4}"
EndProject
Project("{2150E333-8FDC-42A3-9474-1A3956D46DE8}") = "RelatorioService", "RelatorioService", "{6D2BB66C-43E0-4F9F-968D-67DB0AFACCFF}"
EndProject
Project("{2150E333-8FDC-42A3-9474-1A3956D46DE8}") = "Workers", "Workers", "{CB4C3142-9F85-47A7-BF4B-CB0A216CA299}"
EndProject
Project("{2150E333-8FDC-42A3-9474-1A3956D46DE8}") = "IntegrationEvents", "IntegrationEvents", "{22CD2AA5-A2F8-4C70-8ECF-EBB83F069EF9}"
EndProject
Project("{2150E333-8FDC-42A3-9474-1A3956D46DE8}") = "Shared", "Shared", "{BD7E01FD-4126-42A1-8175-B00FEC054765}"
EndProject
Project("{FAE04EC0-301F-11D3-BF4B-00C04F79EFBC}") = "GBastos.Casa_dos_Farelos.Workers", "GBastos.Casa_dos_Farelos.Workers\GBastos.Casa_dos_Farelos.Workers.csproj", "{F1BD0D47-00AA-4C64-9292-13AAE3C53AE5}"
EndProject
Project("{FAE04EC0-301F-11D3-BF4B-00C04F79EFBC}") = "GBastos.Casa_dos_Farelos.BuildingBlocks.Messaging", "src\GBastos.Casa_dos_Farelos.BuildingBlocks.Messaging\GBastos.Casa_dos_Farelos.BuildingBlocks.Messaging.csproj", "{DF58726A-7FBC-4E52-9B83-5B737E0B6440}"
EndProject
Project("{FAE04EC0-301F-11D3-BF4B-00C04F79EFBC}") = "GBastos.Casa_dos_Farelos.BuildingBlocks.Observability", "src\GBastos.Casa_dos_Farelos.BuildingBlocks.Observability\GBastos.Casa_dos_Farelos.BuildingBlocks.Observability.csproj", "{1FC876CE-1D19-45BC-8EED-C7F963698950}"
EndProject
Project("{FAE04EC0-301F-11D3-BF4B-00C04F79EFBC}") = "GBastos.Casa_dos_Farelos.RelatorioService", "src\GBastos.Casa_dos_Farelos.RelatorioService\GBastos.Casa_dos_Farelos.RelatorioService.csproj", "{08BB85E1-7AF0-42A9-BDF3-82D75A51C7EF}"
EndProject
Project("{FAE04EC0-301F-11D3-BF4B-00C04F79EFBC}") = "GBastos.Casa_dos_Farelos.PedidoService", "src\GBastos.Casa_dos_Farelos.PedidoService\GBastos.Casa_dos_Farelos.PedidoService.csproj", "{73E53F0D-1805-4601-A894-78D60544F33A}"
EndProject
Project("{FAE04EC0-301F-11D3-BF4B-00C04F79EFBC}") = "GBastos.Casa_dos_Farelos.IntegrationEvents", "src\GBastos.Casa_dos_Farelos.IntegrationEvents\GBastos.Casa_dos_Farelos.IntegrationEvents.csproj", "{1C3A2F4B-6CE7-498B-BF28-94AE21349346}"
EndProject
Global
	GlobalSection(SolutionConfigurationPlatforms) = preSolution
		Debug|Any CPU = Debug|Any CPU
		Debug|x64 = Debug|x64
		Debug|x86 = Debug|x86
		Release|Any CPU = Release|Any CPU
		Release|x64 = Release|x64
		Release|x86 = Release|x86
	EndGlobalSection
	GlobalSection(ProjectConfigurationPlatforms) = postSolution
		{9F113138-7038-46B6-8D79-217B03DF8B62}.Debug|Any CPU.ActiveCfg = Debug|Any CPU
		{9F113138-7038-46B6-8D79-217B03DF8B62}.Debug|Any CPU.Build.0 = Debug|Any CPU
		{9F113138-7038-46B6-8D79-217B03DF8B62}.Debug|x64.ActiveCfg = Debug|Any CPU
		{9F113138-7038-46B6-8D79-217B03DF8B62}.Debug|x64.Build.0 = Debug|Any CPU
		{9F113138-7038-46B6-8D79-217B03DF8B62}.Debug|x86.ActiveCfg = Debug|Any CPU
		{9F113138-7038-46B6-8D79-217B03DF8B62}.Debug|x86.Build.0 = Debug|Any CPU
		{9F113138-7038-46B6-8D79-217B03DF8B62}.Release|Any CPU.ActiveCfg = Release|Any CPU
		{9F113138-7038-46B6-8D79-217B03DF8B62}.Release|Any CPU.Build.0 = Release|Any CPU
		{9F113138-7038-46B6-8D79-217B03DF8B62}.Release|x64.ActiveCfg = Release|Any CPU
		{9F113138-7038-46B6-8D79-217B03DF8B62}.Release|x64.Build.0 = Release|Any CPU
		{9F113138-7038-46B6-8D79-217B03DF8B62}.Release|x86.ActiveCfg = Release|Any CPU
		{9F113138-7038-46B6-8D79-217B03DF8B62}.Release|x86.Build.0 = Release|Any CPU
		{91295156-E0E3-451A-BEFC-93951B89DD0C}.Debug|Any CPU.ActiveCfg = Debug|Any CPU
		{91295156-E0E3-451A-BEFC-93951B89DD0C}.Debug|Any CPU.Build.0 = Debug|Any CPU
		{91295156-E0E3-451A-BEFC-93951B89DD0C}.Debug|x64.ActiveCfg = Debug|Any CPU
		{91295156-E0E3-451A-BEFC-93951B89DD0C}.Debug|x64.Build.0 = Debug|Any CPU
		{91295156-E0E3-451A-BEFC-93951B89DD0C}.Debug|x86.ActiveCfg = Debug|Any CPU
		{91295156-E0E3-451A-BEFC-93951B89DD0C}.Debug|x86.Build.0 = Debug|Any CPU
		{91295156-E0E3-451A-BEFC-93951B89DD0C}.Release|Any CPU.ActiveCfg = Release|Any CPU
		{91295156-E0E3-451A-BEFC-93951B89DD0C}.Release|Any CPU.Build.0 = Release|Any CPU
		{91295156-E0E3-451A-BEFC-93951B89DD0C}.Release|x64.ActiveCfg = Release|Any CPU
		{91295156-E0E3-451A-BEFC-93951B89DD0C}.Release|x64.Build.0 = Release|Any CPU
		{91295156-E0E3-451A-BEFC-93951B89DD0C}.Release|x86.ActiveCfg = Release|Any CPU
		{91295156-E0E3-451A-BEFC-93951B89DD0C}.Release|x86.Build.0 = Release|Any CPU
		{75965D9D-B8E0-4ED7-9558-8808DC62A3AC}.Debug|Any CPU.ActiveCfg = Debug|Any CPU
		{75965D9D-B8E0-4ED7-9558-8808DC62A3AC}.Debug|Any CPU.Build.0 = Debug|Any CPU
		{75965D9D-B8E0-4ED7-9558-8808DC62A3AC}.Debug|x64.ActiveCfg = Debug|Any CPU
		{75965D9D-B8E0-4ED7-9558-8808DC62A3AC}.Debug|x64.Build.0 = Debug|Any CPU
		{75965D9D-B8E0-4ED7-9558-8808DC62A3AC}.Debug|x86.ActiveCfg = Debug|Any CPU
		{75965D9D-B8E0-4ED7-9558-8808DC62A3AC}.Debug|x86.Build.0 = Debug|Any CPU
		{75965D9D-B8E0-4ED7-9558-8808DC62A3AC}.Release|Any CPU.ActiveCfg = Release|Any CPU
		{75965D9D-B8E0-4ED7-9558-8808DC62A3AC}.Release|Any CPU.Build.0 = Release|Any CPU
		{75965D9D-B8E0-4ED7-9558-8808DC62A3AC}.Release|x64.ActiveCfg = Release|Any CPU
		{75965D9D-B8E0-4ED7-9558-8808DC62A3AC}.Release|x64.Build.0 = Release|Any CPU
		{75965D9D-B8E0-4ED7-9558-8808DC62A3AC}.Release|x86.ActiveCfg = Release|Any CPU
		{75965D9D-B8E0-4ED7-9558-8808DC62A3AC}.Release|x86.Build.0 = Release|Any CPU
		{39CD05F5-6935-4252-BEC2-22F4368FAF40}.Debug|Any CPU.ActiveCfg = Debug|Any CPU
		{39CD05F5-6935-4252-BEC2-22F4368FAF40}.Debug|Any CPU.Build.0 = Debug|Any CPU
		{39CD05F5-6935-4252-BEC2-22F4368FAF40}.Debug|x64.ActiveCfg = Debug|Any CPU
		{39CD05F5-6935-4252-BEC2-22F4368FAF40}.Debug|x64.Build.0 = Debug|Any CPU
		{39CD05F5-6935-4252-BEC2-22F4368FAF40}.Debug|x86.ActiveCfg = Debug|Any CPU
		{39CD05F5-6935-4252-BEC2-22F4368FAF40}.Debug|x86.Build.0 = Debug|Any CPU
		{39CD05F5-6935-4252-BEC2-22F4368FAF40}.Release|Any CPU.ActiveCfg = Release|Any CPU
		{39CD05F5-6935-4252-BEC2-22F4368FAF40}.Release|Any CPU.Build.0 = Release|Any CPU
		{39CD05F5-6935-4252-BEC2-22F4368FAF40}.Release|x64.ActiveCfg = Release|Any CPU
		{39CD05F5-6935-4252-BEC2-22F4368FAF40}.Release|x64.Build.0 = Release|Any CPU
		{39CD05F5-6935-4252-BEC2-22F4368FAF40}.Release|x86.ActiveCfg = Release|Any CPU
		{39CD05F5-6935-4252-BEC2-22F4368FAF40}.Release|x86.Build.0 = Release|Any CPU
		{3103B817-0766-47B2-A3B9-A45EAF87CDFC}.Debug|Any CPU.ActiveCfg = Debug|Any CPU
		{3103B817-0766-47B2-A3B9-A45EAF87CDFC}.Debug|Any CPU.Build.0 = Debug|Any CPU
		{3103B817-0766-47B2-A3B9-A45EAF87CDFC}.Debug|x64.ActiveCfg = Debug|Any CPU
		{3103B817-0766-47B2-A3B9-A45EAF87CDFC}.Debug|x64.Build.0 = Debug|Any CPU
		{3103B817-0766-47B2-A3B9-A45EAF87CDFC}.Debug|x86.ActiveCfg = Debug|Any CPU
		{3103B817-0766-47B2-A3B9-A45EAF87CDFC}.Debug|x86.Build.0 = Debug|Any CPU
		{3103B817-0766-47B2-A3B9-A45EAF87CDFC}.Release|Any CPU.ActiveCfg = Release|Any CPU
		{3103B817-0766-47B2-A3B9-A45EAF87CDFC}.Release|Any CPU.Build.0 = Release|Any CPU
		{3103B817-0766-47B2-A3B9-A45EAF87CDFC}.Release|x64.ActiveCfg = Release|Any CPU
		{3103B817-0766-47B2-A3B9-A45EAF87CDFC}.Release|x64.Build.0 = Release|Any CPU
		{3103B817-0766-47B2-A3B9-A45EAF87CDFC}.Release|x86.ActiveCfg = Release|Any CPU
		{3103B817-0766-47B2-A3B9-A45EAF87CDFC}.Release|x86.Build.0 = Release|Any CPU
		{0C49A906-FF5C-427D-B294-C6A046B9F1A8}.Debug|Any CPU.ActiveCfg = Debug|Any CPU
		{0C49A906-FF5C-427D-B294-C6A046B9F1A8}.Debug|Any CPU.Build.0 = Debug|Any CPU
		{0C49A906-FF5C-427D-B294-C6A046B9F1A8}.Debug|x64.ActiveCfg = Debug|Any CPU
		{0C49A906-FF5C-427D-B294-C6A046B9F1A8}.Debug|x64.Build.0 = Debug|Any CPU
		{0C49A906-FF5C-427D-B294-C6A046B9F1A8}.Debug|x86.ActiveCfg = Debug|Any CPU
		{0C49A906-FF5C-427D-B294-C6A046B9F1A8}.Debug|x86.Build.0 = Debug|Any CPU
		{0C49A906-FF5C-427D-B294-C6A046B9F1A8}.Release|Any CPU.ActiveCfg = Release|Any CPU
		{0C49A906-FF5C-427D-B294-C6A046B9F1A8}.Release|Any CPU.Build.0 = Release|Any CPU
		{0C49A906-FF5C-427D-B294-C6A046B9F1A8}.Release|x64.ActiveCfg = Release|Any CPU
		{0C49A906-FF5C-427D-B294-C6A046B9F1A8}.Release|x64.Build.0 = Release|Any CPU
		{0C49A906-FF5C-427D-B294-C6A046B9F1A8}.Release|x86.ActiveCfg = Release|Any CPU
		{0C49A906-FF5C-427D-B294-C6A046B9F1A8}.Release|x86.Build.0 = Release|Any CPU
		{2462260F-9AA0-A5F2-B035-3F5DA2499C15}.Debug|Any CPU.ActiveCfg = Debug|Any CPU
		{2462260F-9AA0-A5F2-B035-3F5DA2499C15}.Debug|Any CPU.Build.0 = Debug|Any CPU
		{2462260F-9AA0-A5F2-B035-3F5DA2499C15}.Debug|x64.ActiveCfg = Debug|Any CPU
		{2462260F-9AA0-A5F2-B035-3F5DA2499C15}.Debug|x64.Build.0 = Debug|Any CPU
		{2462260F-9AA0-A5F2-B035-3F5DA2499C15}.Debug|x86.ActiveCfg = Debug|Any CPU
		{2462260F-9AA0-A5F2-B035-3F5DA2499C15}.Debug|x86.Build.0 = Debug|Any CPU
		{2462260F-9AA0-A5F2-B035-3F5DA2499C15}.Release|Any CPU.ActiveCfg = Release|Any CPU
		{2462260F-9AA0-A5F2-B035-3F5DA2499C15}.Release|Any CPU.Build.0 = Release|Any CPU
		{2462260F-9AA0-A5F2-B035-3F5DA2499C15}.Release|x64.ActiveCfg = Release|Any CPU
		{2462260F-9AA0-A5F2-B035-3F5DA2499C15}.Release|x64.Build.0 = Release|Any CPU
		{2462260F-9AA0-A5F2-B035-3F5DA2499C15}.Release|x86.ActiveCfg = Release|Any CPU
		{2462260F-9AA0-A5F2-B035-3F5DA2499C15}.Release|x86.Build.0 = Release|Any CPU
		{B205E170-B98D-805C-B7F0-97FE2FDE6175}.Debug|Any CPU.ActiveCfg = Debug|Any CPU
		{B205E170-B98D-805C-B7F0-97FE2FDE6175}.Debug|Any CPU.Build.0 = Debug|Any CPU
		{B205E170-B98D-805C-B7F0-97FE2FDE6175}.Debug|x64.ActiveCfg = Debug|Any CPU
		{B205E170-B98D-805C-B7F0-97FE2FDE6175}.Debug|x64.Build.0 = Debug|Any CPU
		{B205E170-B98D-805C-B7F0-97FE2FDE6175}.Debug|x86.ActiveCfg = Debug|Any CPU
		{B205E170-B98D-805C-B7F0-97FE2FDE6175}.Debug|x86.Build.0 = Debug|Any CPU
		{B205E170-B98D-805C-B7F0-97FE2FDE6175}.Release|Any CPU.ActiveCfg = Release|Any CPU
		{B205E170-B98D-805C-B7F0-97FE2FDE6175}.Release|Any CPU.Build.0 = Release|Any CPU
		{B205E170-B98D-805C-B7F0-97FE2FDE6175}.Release|x64.ActiveCfg = Release|Any CPU
		{B205E170-B98D-805C-B7F0-97FE2FDE6175}.Release|x64.Build.0 = Release|Any CPU
		{B205E170-B98D-805C-B7F0-97FE2FDE6175}.Release|x86.ActiveCfg = Release|Any CPU
		{B205E170-B98D-805C-B7F0-97FE2FDE6175}.Release|x86.Build.0 = Release|Any CPU
		{B2A0921F-591D-F2A3-A43C-AF48235CC1B7}.Debug|Any CPU.ActiveCfg = Debug|Any CPU
		{B2A0921F-591D-F2A3-A43C-AF48235CC1B7}.Debug|Any CPU.Build.0 = Debug|Any CPU
		{B2A0921F-591D-F2A3-A43C-AF48235CC1B7}.Debug|x64.ActiveCfg = Debug|Any CPU
		{B2A0921F-591D-F2A3-A43C-AF48235CC1B7}.Debug|x64.Build.0 = Debug|Any CPU
		{B2A0921F-591D-F2A3-A43C-AF48235CC1B7}.Debug|x86.ActiveCfg = Debug|Any CPU
		{B2A0921F-591D-F2A3-A43C-AF48235CC1B7}.Debug|x86.Build.0 = Debug|Any CPU
		{B2A0921F-591D-F2A3-A43C-AF48235CC1B7}.Release|Any CPU.ActiveCfg = Release|Any CPU
		{B2A0921F-591D-F2A3-A43C-AF48235CC1B7}.Release|Any CPU.Build.0 = Release|Any CPU
		{B2A0921F-591D-F2A3-A43C-AF48235CC1B7}.Release|x64.ActiveCfg = Release|Any CPU
		{B2A0921F-591D-F2A3-A43C-AF48235CC1B7}.Release|x64.Build.0 = Release|Any CPU
		{B2A0921F-591D-F2A3-A43C-AF48235CC1B7}.Release|x86.ActiveCfg = Release|Any CPU
		{B2A0921F-591D-F2A3-A43C-AF48235CC1B7}.Release|x86.Build.0 = Release|Any CPU
		{9A21EF0A-8E13-ABE9-9C4C-352363295D28}.Debug|Any CPU.ActiveCfg = Debug|Any CPU
		{9A21EF0A-8E13-ABE9-9C4C-352363295D28}.Debug|Any CPU.Build.0 = Debug|Any CPU
		{9A21EF0A-8E13-ABE9-9C4C-352363295D28}.Debug|x64.ActiveCfg = Debug|Any CPU
		{9A21EF0A-8E13-ABE9-9C4C-352363295D28}.Debug|x64.Build.0 = Debug|Any CPU
		{9A21EF0A-8E13-ABE9-9C4C-352363295D28}.Debug|x86.ActiveCfg = Debug|Any CPU
		{9A21EF0A-8E13-ABE9-9C4C-352363295D28}.Debug|x86.Build.0 = Debug|Any CPU
		{9A21EF0A-8E13-ABE9-9C4C-352363295D28}.Release|Any CPU.ActiveCfg = Release|Any CPU
		{9A21EF0A-8E13-ABE9-9C4C-352363295D28}.Release|Any CPU.Build.0 = Release|Any CPU
		{9A21EF0A-8E13-ABE9-9C4C-352363295D28}.Release|x64.ActiveCfg = Release|Any CPU
		{9A21EF0A-8E13-ABE9-9C4C-352363295D28}.Release|x64.Build.0 = Release|Any CPU
		{9A21EF0A-8E13-ABE9-9C4C-352363295D28}.Release|x86.ActiveCfg = Release|Any CPU
		{9A21EF0A-8E13-ABE9-9C4C-352363295D28}.Release|x86.Build.0 = Release|Any CPU
		{D9D4ABF5-0549-4597-E39C-D697385C5F92}.Debug|Any CPU.ActiveCfg = Debug|Any CPU
		{D9D4ABF5-0549-4597-E39C-D697385C5F92}.Debug|Any CPU.Build.0 = Debug|Any CPU
		{D9D4ABF5-0549-4597-E39C-D697385C5F92}.Debug|x64.ActiveCfg = Debug|Any CPU
		{D9D4ABF5-0549-4597-E39C-D697385C5F92}.Debug|x64.Build.0 = Debug|Any CPU
		{D9D4ABF5-0549-4597-E39C-D697385C5F92}.Debug|x86.ActiveCfg = Debug|Any CPU
		{D9D4ABF5-0549-4597-E39C-D697385C5F92}.Debug|x86.Build.0 = Debug|Any CPU
		{D9D4ABF5-0549-4597-E39C-D697385C5F92}.Release|Any CPU.ActiveCfg = Release|Any CPU
		{D9D4ABF5-0549-4597-E39C-D697385C5F92}.Release|Any CPU.Build.0 = Release|Any CPU
		{D9D4ABF5-0549-4597-E39C-D697385C5F92}.Release|x64.ActiveCfg = Release|Any CPU
		{D9D4ABF5-0549-4597-E39C-D697385C5F92}.Release|x64.Build.0 = Release|Any CPU
		{D9D4ABF5-0549-4597-E39C-D697385C5F92}.Release|x86.ActiveCfg = Release|Any CPU
		{D9D4ABF5-0549-4597-E39C-D697385C5F92}.Release|x86.Build.0 = Release|Any CPU
		{F1BD0D47-00AA-4C64-9292-13AAE3C53AE5}.Debug|Any CPU.ActiveCfg = Debug|Any CPU
		{F1BD0D47-00AA-4C64-9292-13AAE3C53AE5}.Debug|Any CPU.Build.0 = Debug|Any CPU
		{F1BD0D47-00AA-4C64-9292-13AAE3C53AE5}.Debug|x64.ActiveCfg = Debug|Any CPU
		{F1BD0D47-00AA-4C64-9292-13AAE3C53AE5}.Debug|x64.Build.0 = Debug|Any CPU
		{F1BD0D47-00AA-4C64-9292-13AAE3C53AE5}.Debug|x86.ActiveCfg = Debug|Any CPU
		{F1BD0D47-00AA-4C64-9292-13AAE3C53AE5}.Debug|x86.Build.0 = Debug|Any CPU
		{F1BD0D47-00AA-4C64-9292-13AAE3C53AE5}.Release|Any CPU.ActiveCfg = Release|Any CPU
		{F1BD0D47-00AA-4C64-9292-13AAE3C53AE5}.Release|Any CPU.Build.0 = Release|Any CPU
		{F1BD0D47-00AA-4C64-9292-13AAE3C53AE5}.Release|x64.ActiveCfg = Release|Any CPU
		{F1BD0D47-00AA-4C64-9292-13AAE3C53AE5}.Release|x64.Build.0 = Release|Any CPU
		{F1BD0D47-00AA-4C64-9292-13AAE3C53AE5}.Release|x86.ActiveCfg = Release|Any CPU
		{F1BD0D47-00AA-4C64-9292-13AAE3C53AE5}.Release|x86.Build.0 = Release|Any CPU
		{DF58726A-7FBC-4E52-9B83-5B737E0B6440}.Debug|Any CPU.ActiveCfg = Debug|Any CPU
		{DF58726A-7FBC-4E52-9B83-5B737E0B6440}.Debug|Any CPU.Build.0 = Debug|Any CPU
		{DF58726A-7FBC-4E52-9B83-5B737E0B6440}.Debug|x64.ActiveCfg = Debug|Any CPU
		{DF58726A-7FBC-4E52-9B83-5B737E0B6440}.Debug|x64.Build.0 = Debug|Any CPU
		{DF58726A-7FBC-4E52-9B83-5B737E0B6440}.Debug|x86.ActiveCfg = Debug|Any CPU
		{DF58726A-7FBC-4E52-9B83-5B737E0B6440}.Debug|x86.Build.0 = Debug|Any CPU
		{DF58726A-7FBC-4E52-9B83-5B737E0B6440}.Release|Any CPU.ActiveCfg = Release|Any CPU
		{DF58726A-7FBC-4E52-9B83-5B737E0B6440}.Release|Any CPU.Build.0 = Release|Any CPU
		{DF58726A-7FBC-4E52-9B83-5B737E0B6440}.Release|x64.ActiveCfg = Release|Any CPU
		{DF58726A-7FBC-4E52-9B83-5B737E0B6440}.Release|x64.Build.0 = Release|Any CPU
		{DF58726A-7FBC-4E52-9B83-5B737E0B6440}.Release|x86.ActiveCfg = Release|Any CPU
		{DF58726A-7FBC-4E52-9B83-5B737E0B6440}.Release|x86.Build.0 = Release|Any CPU
		{1FC876CE-1D19-45BC-8EED-C7F963698950}.Debug|Any CPU.ActiveCfg = Debug|Any CPU
		{1FC876CE-1D19-45BC-8EED-C7F963698950}.Debug|Any CPU.Build.0 = Debug|Any CPU
		{1FC876CE-1D19-45BC-8EED-C7F963698950}.Debug|x64.ActiveCfg = Debug|Any CPU
		{1FC876CE-1D19-45BC-8EED-C7F963698950}.Debug|x64.Build.0 = Debug|Any CPU
		{1FC876CE-1D19-45BC-8EED-C7F963698950}.Debug|x86.ActiveCfg = Debug|Any CPU
		{1FC876CE-1D19-45BC-8EED-C7F963698950}.Debug|x86.Build.0 = Debug|Any CPU
		{1FC876CE-1D19-45BC-8EED-C7F963698950}.Release|Any CPU.ActiveCfg = Release|Any CPU
		{1FC876CE-1D19-45BC-8EED-C7F963698950}.Release|Any CPU.Build.0 = Release|Any CPU
		{1FC876CE-1D19-45BC-8EED-C7F963698950}.Release|x64.ActiveCfg = Release|Any CPU
		{1FC876CE-1D19-45BC-8EED-C7F963698950}.Release|x64.Build.0 = Release|Any CPU
		{1FC876CE-1D19-45BC-8EED-C7F963698950}.Release|x86.ActiveCfg = Release|Any CPU
		{1FC876CE-1D19-45BC-8EED-C7F963698950}.Release|x86.Build.0 = Release|Any CPU
		{08BB85E1-7AF0-42A9-BDF3-82D75A51C7EF}.Debug|Any CPU.ActiveCfg = Debug|Any CPU
		{08BB85E1-7AF0-42A9-BDF3-82D75A51C7EF}.Debug|Any CPU.Build.0 = Debug|Any CPU
		{08BB85E1-7AF0-42A9-BDF3-82D75A51C7EF}.Debug|x64.ActiveCfg = Debug|Any CPU
		{08BB85E1-7AF0-42A9-BDF3-82D75A51C7EF}.Debug|x64.Build.0 = Debug|Any CPU
		{08BB85E1-7AF0-42A9-BDF3-82D75A51C7EF}.Debug|x86.ActiveCfg = Debug|Any CPU
		{08BB85E1-7AF0-42A9-BDF3-82D75A51C7EF}.Debug|x86.Build.0 = Debug|Any CPU
		{08BB85E1-7AF0-42A9-BDF3-82D75A51C7EF}.Release|Any CPU.ActiveCfg = Release|Any CPU
		{08BB85E1-7AF0-42A9-BDF3-82D75A51C7EF}.Release|Any CPU.Build.0 = Release|Any CPU
		{08BB85E1-7AF0-42A9-BDF3-82D75A51C7EF}.Release|x64.ActiveCfg = Release|Any CPU
		{08BB85E1-7AF0-42A9-BDF3-82D75A51C7EF}.Release|x64.Build.0 = Release|Any CPU
		{08BB85E1-7AF0-42A9-BDF3-82D75A51C7EF}.Release|x86.ActiveCfg = Release|Any CPU
		{08BB85E1-7AF0-42A9-BDF3-82D75A51C7EF}.Release|x86.Build.0 = Release|Any CPU
		{73E53F0D-1805-4601-A894-78D60544F33A}.Debug|Any CPU.ActiveCfg = Debug|Any CPU
		{73E53F0D-1805-4601-A894-78D60544F33A}.Debug|Any CPU.Build.0 = Debug|Any CPU
		{73E53F0D-1805-4601-A894-78D60544F33A}.Debug|x64.ActiveCfg = Debug|Any CPU
		{73E53F0D-1805-4601-A894-78D60544F33A}.Debug|x64.Build.0 = Debug|Any CPU
		{73E53F0D-1805-4601-A894-78D60544F33A}.Debug|x86.ActiveCfg = Debug|Any CPU
		{73E53F0D-1805-4601-A894-78D60544F33A}.Debug|x86.Build.0 = Debug|Any CPU
		{73E53F0D-1805-4601-A894-78D60544F33A}.Release|Any CPU.ActiveCfg = Release|Any CPU
		{73E53F0D-1805-4601-A894-78D60544F33A}.Release|Any CPU.Build.0 = Release|Any CPU
		{73E53F0D-1805-4601-A894-78D60544F33A}.Release|x64.ActiveCfg = Release|Any CPU
		{73E53F0D-1805-4601-A894-78D60544F33A}.Release|x64.Build.0 = Release|Any CPU
		{73E53F0D-1805-4601-A894-78D60544F33A}.Release|x86.ActiveCfg = Release|Any CPU
		{73E53F0D-1805-4601-A894-78D60544F33A}.Release|x86.Build.0 = Release|Any CPU
		{1C3A2F4B-6CE7-498B-BF28-94AE21349346}.Debug|Any CPU.ActiveCfg = Debug|Any CPU
		{1C3A2F4B-6CE7-498B-BF28-94AE21349346}.Debug|Any CPU.Build.0 = Debug|Any CPU
		{1C3A2F4B-6CE7-498B-BF28-94AE21349346}.Debug|x64.ActiveCfg = Debug|Any CPU
		{1C3A2F4B-6CE7-498B-BF28-94AE21349346}.Debug|x64.Build.0 = Debug|Any CPU
		{1C3A2F4B-6CE7-498B-BF28-94AE21349346}.Debug|x86.ActiveCfg = Debug|Any CPU
		{1C3A2F4B-6CE7-498B-BF28-94AE21349346}.Debug|x86.Build.0 = Debug|Any CPU
		{1C3A2F4B-6CE7-498B-BF28-94AE21349346}.Release|Any CPU.ActiveCfg = Release|Any CPU
		{1C3A2F4B-6CE7-498B-BF28-94AE21349346}.Release|Any CPU.Build.0 = Release|Any CPU
		{1C3A2F4B-6CE7-498B-BF28-94AE21349346}.Release|x64.ActiveCfg = Release|Any CPU
		{1C3A2F4B-6CE7-498B-BF28-94AE21349346}.Release|x64.Build.0 = Release|Any CPU
		{1C3A2F4B-6CE7-498B-BF28-94AE21349346}.Release|x86.ActiveCfg = Release|Any CPU
		{1C3A2F4B-6CE7-498B-BF28-94AE21349346}.Release|x86.Build.0 = Release|Any CPU
	EndGlobalSection
	GlobalSection(SolutionProperties) = preSolution
		HideSolutionNode = FALSE
	EndGlobalSection
	GlobalSection(NestedProjects) = preSolution
		{9F113138-7038-46B6-8D79-217B03DF8B62} = {18B7F599-AA52-47AC-A210-7D6185A22BD9}
		{91295156-E0E3-451A-BEFC-93951B89DD0C} = {2EB34FBB-FC10-4328-B254-9F5653685E4E}
		{75965D9D-B8E0-4ED7-9558-8808DC62A3AC} = {2EB34FBB-FC10-4328-B254-9F5653685E4E}
		{39CD05F5-6935-4252-BEC2-22F4368FAF40} = {2EB34FBB-FC10-4328-B254-9F5653685E4E}
		{3103B817-0766-47B2-A3B9-A45EAF87CDFC} = {BD7E01FD-4126-42A1-8175-B00FEC054765}
		{0C49A906-FF5C-427D-B294-C6A046B9F1A8} = {0AB3BF05-4346-4AA6-1389-037BE0695223}
		{984BB9B3-3FA3-BE33-9484-CAC21695A33C} = {827E0CD3-B72D-47B6-A68D-7590B98EB39B}
		{4032DBA3-5E11-0398-E66C-9D8070458307} = {984BB9B3-3FA3-BE33-9484-CAC21695A33C}
		{2462260F-9AA0-A5F2-B035-3F5DA2499C15} = {02EA681E-C7D8-13C7-8484-4AC65E1B71E8}
		{02EA681E-C7D8-13C7-8484-4AC65E1B71E8} = {984BB9B3-3FA3-BE33-9484-CAC21695A33C}
		{2EB34FBB-FC10-4328-B254-9F5653685E4E} = {827E0CD3-B72D-47B6-A68D-7590B98EB39B}
		{B205E170-B98D-805C-B7F0-97FE2FDE6175} = {4032DBA3-5E11-0398-E66C-9D8070458307}
		{B2A0921F-591D-F2A3-A43C-AF48235CC1B7} = {4032DBA3-5E11-0398-E66C-9D8070458307}
		{9A21EF0A-8E13-ABE9-9C4C-352363295D28} = {4032DBA3-5E11-0398-E66C-9D8070458307}
		{D9D4ABF5-0549-4597-E39C-D697385C5F92} = {4032DBA3-5E11-0398-E66C-9D8070458307}
		{18B7F599-AA52-47AC-A210-7D6185A22BD9} = {827E0CD3-B72D-47B6-A68D-7590B98EB39B}
		{F0AFDD73-622D-4337-BEF3-E6E0DC87BDD4} = {984BB9B3-3FA3-BE33-9484-CAC21695A33C}
		{6D2BB66C-43E0-4F9F-968D-67DB0AFACCFF} = {984BB9B3-3FA3-BE33-9484-CAC21695A33C}
		{CB4C3142-9F85-47A7-BF4B-CB0A216CA299} = {827E0CD3-B72D-47B6-A68D-7590B98EB39B}
		{22CD2AA5-A2F8-4C70-8ECF-EBB83F069EF9} = {827E0CD3-B72D-47B6-A68D-7590B98EB39B}
		{BD7E01FD-4126-42A1-8175-B00FEC054765} = {827E0CD3-B72D-47B6-A68D-7590B98EB39B}
		{F1BD0D47-00AA-4C64-9292-13AAE3C53AE5} = {CB4C3142-9F85-47A7-BF4B-CB0A216CA299}
		{DF58726A-7FBC-4E52-9B83-5B737E0B6440} = {2EB34FBB-FC10-4328-B254-9F5653685E4E}
		{1FC876CE-1D19-45BC-8EED-C7F963698950} = {2EB34FBB-FC10-4328-B254-9F5653685E4E}
		{08BB85E1-7AF0-42A9-BDF3-82D75A51C7EF} = {6D2BB66C-43E0-4F9F-968D-67DB0AFACCFF}
		{73E53F0D-1805-4601-A894-78D60544F33A} = {F0AFDD73-622D-4337-BEF3-E6E0DC87BDD4}
		{1C3A2F4B-6CE7-498B-BF28-94AE21349346} = {22CD2AA5-A2F8-4C70-8ECF-EBB83F069EF9}
	EndGlobalSection
	GlobalSection(ExtensibilityGlobals) = postSolution
		SolutionGuid = {B82E1128-C7A9-463E-BCA3-A6400881F51C}
	EndGlobalSection
EndGlobal
